
Microsoft Visual Studio Solution File, Format Version 12.00
# Visual Studio Version 17
VisualStudioVersion = 17.11.35219.272
MinimumVisualStudioVersion = 10.0.40219.1
Project("{FAE04EC0-301F-11D3-BF4B-00C04F79EFBC}") = "WebApi", "WebApi\WebApi.csproj", "{38851826-179E-4581-9E40-08E0A4A7A004}"
EndProject
Project("{FAE04EC0-301F-11D3-BF4B-00C04F79EFBC}") = "Persistence", "Persistence\Persistence.csproj", "{6F0BB392-2133-4E8C-9F00-9903092F0E21}"
EndProject
Project("{FAE04EC0-301F-11D3-BF4B-00C04F79EFBC}") = "Domain", "Domain\Domain.csproj", "{C976DF29-83F8-40A1-99B5-BCD2C26C86B1}"
EndProject
Project("{FAE04EC0-301F-11D3-BF4B-00C04F79EFBC}") = "Application", "Application\Application.csproj", "{972B13B7-228F-4AAC-BE71-78071300D1BA}"
EndProject
Project("{FAE04EC0-301F-11D3-BF4B-00C04F79EFBC}") = "Infrastructure", "Infrastructure\Infrastructure.csproj", "{63E5D034-AFBC-4C63-B479-F7A0281C8381}"
EndProject
Global
	GlobalSection(SolutionConfigurationPlatforms) = preSolution
		Debug|Any CPU = Debug|Any CPU
		Release|Any CPU = Release|Any CPU
	EndGlobalSection
	GlobalSection(ProjectConfigurationPlatforms) = postSolution
		{38851826-179E-4581-9E40-08E0A4A7A004}.Debug|Any CPU.ActiveCfg = Debug|Any CPU
		{38851826-179E-4581-9E40-08E0A4A7A004}.Debug|Any CPU.Build.0 = Debug|Any CPU
		{38851826-179E-4581-9E40-08E0A4A7A004}.Release|Any CPU.ActiveCfg = Release|Any CPU
		{38851826-179E-4581-9E40-08E0A4A7A004}.Release|Any CPU.Build.0 = Release|Any CPU
		{6F0BB392-2133-4E8C-9F00-9903092F0E21}.Debug|Any CPU.ActiveCfg = Debug|Any CPU
		{6F0BB392-2133-4E8C-9F00-9903092F0E21}.Debug|Any CPU.Build.0 = Debug|Any CPU
		{6F0BB392-2133-4E8C-9F00-9903092F0E21}.Release|Any CPU.ActiveCfg = Release|Any CPU
		{6F0BB392-2133-4E8C-9F00-9903092F0E21}.Release|Any CPU.Build.0 = Release|Any CPU
		{C976DF29-83F8-40A1-99B5-BCD2C26C86B1}.Debug|Any CPU.ActiveCfg = Debug|Any CPU
		{C976DF29-83F8-40A1-99B5-BCD2C26C86B1}.Debug|Any CPU.Build.0 = Debug|Any CPU
		{C976DF29-83F8-40A1-99B5-BCD2C26C86B1}.Release|Any CPU.ActiveCfg = Release|Any CPU
		{C976DF29-83F8-40A1-99B5-BCD2C26C86B1}.Release|Any CPU.Build.0 = Release|Any CPU
		{972B13B7-228F-4AAC-BE71-78071300D1BA}.Debug|Any CPU.ActiveCfg = Debug|Any CPU
		{972B13B7-228F-4AAC-BE71-78071300D1BA}.Debug|Any CPU.Build.0 = Debug|Any CPU
		{972B13B7-228F-4AAC-BE71-78071300D1BA}.Release|Any CPU.ActiveCfg = Release|Any CPU
		{972B13B7-228F-4AAC-BE71-78071300D1BA}.Release|Any CPU.Build.0 = Release|Any CPU
		{63E5D034-AFBC-4C63-B479-F7A0281C8381}.Debug|Any CPU.ActiveCfg = Debug|Any CPU
		{63E5D034-AFBC-4C63-B479-F7A0281C8381}.Debug|Any CPU.Build.0 = Debug|Any CPU
		{63E5D034-AFBC-4C63-B479-F7A0281C8381}.Release|Any CPU.ActiveCfg = Release|Any CPU
		{63E5D034-AFBC-4C63-B479-F7A0281C8381}.Release|Any CPU.Build.0 = Release|Any CPU
	EndGlobalSection
	GlobalSection(SolutionProperties) = preSolution
		HideSolutionNode = FALSE
	EndGlobalSection
	GlobalSection(ExtensibilityGlobals) = postSolution
		SolutionGuid = {FE14BE66-E834-41E7-B0BF-00DC750964E9}
	EndGlobalSection
EndGlobal
