
Microsoft Visual Studio Solution File, Format Version 12.00
# Visual Studio Version 17
VisualStudioVersion = 17.11.35219.272
MinimumVisualStudioVersion = 10.0.40219.1
Project("{2150E333-8FDC-42A3-9474-1A3956D46DE8}") = "Core.Packages", "Core.Packages", "{C982D03B-B4AD-4AE9-9BA6-6E6D8DE12F9C}"
EndProject
Project("{9A19103F-16F7-4668-BE54-9A1E7A4F7556}") = "Core.Application", "Core.Packages\Core.Application\Core.Application.csproj", "{94312E00-FDD4-4283-BCCA-94FC0092294E}"
EndProject
Project("{9A19103F-16F7-4668-BE54-9A1E7A4F7556}") = "Core.CrossCuttingConcerns", "Core.Packages\Core.CrossCuttingConcerns\Core.CrossCuttingConcerns.csproj", "{7F80FF46-EADF-40CC-AE4A-E626549C63ED}"
EndProject
Project("{9A19103F-16F7-4668-BE54-9A1E7A4F7556}") = "Core.Persistence", "Core.Packages\Core.Persistence\Core.Persistence.csproj", "{CB6072E0-6F74-4053-B6B2-01C1BC76042A}"
EndProject
Project("{9A19103F-16F7-4668-BE54-9A1E7A4F7556}") = "Core.Security", "Core.Packages\Core.Security\Core.Security.csproj", "{0C1D568F-8588-4AA5-91CE-84069851E56A}"
EndProject
Project("{2150E333-8FDC-42A3-9474-1A3956D46DE8}") = "RentACar", "RentACar", "{2443AE0D-1F00-42B5-A408-3741D2C23D78}"
EndProject
Project("{9A19103F-16F7-4668-BE54-9A1E7A4F7556}") = "Application", "RentACar\Application\Application.csproj", "{3477AA97-68D3-4FB4-8C02-4BC10BA56AEA}"
EndProject
Project("{9A19103F-16F7-4668-BE54-9A1E7A4F7556}") = "Domain", "RentACar\Domain\Domain.csproj", "{9D6B26CD-9209-4695-B9C8-4D0380E672E4}"
EndProject
Project("{9A19103F-16F7-4668-BE54-9A1E7A4F7556}") = "Infrastructure", "RentACar\Infrastructure\Infrastructure.csproj", "{5AC244CF-9945-4F2E-95DD-3B0EAE5C7DD6}"
EndProject
Project("{9A19103F-16F7-4668-BE54-9A1E7A4F7556}") = "Persistence", "RentACar\Persistence\Persistence.csproj", "{0C392F4F-1D65-40D3-807B-5C9298992DB7}"
EndProject
Project("{9A19103F-16F7-4668-BE54-9A1E7A4F7556}") = "WebApi", "RentACar\WebApi\WebApi.csproj", "{E77C9936-F23D-4CA7-8D1F-12B04756C8D9}"
EndProject
Global
	GlobalSection(SolutionConfigurationPlatforms) = preSolution
		Debug|Any CPU = Debug|Any CPU
		Release|Any CPU = Release|Any CPU
	EndGlobalSection
	GlobalSection(ProjectConfigurationPlatforms) = postSolution
		{94312E00-FDD4-4283-BCCA-94FC0092294E}.Debug|Any CPU.ActiveCfg = Debug|Any CPU
		{94312E00-FDD4-4283-BCCA-94FC0092294E}.Debug|Any CPU.Build.0 = Debug|Any CPU
		{94312E00-FDD4-4283-BCCA-94FC0092294E}.Release|Any CPU.ActiveCfg = Release|Any CPU
		{94312E00-FDD4-4283-BCCA-94FC0092294E}.Release|Any CPU.Build.0 = Release|Any CPU
		{7F80FF46-EADF-40CC-AE4A-E626549C63ED}.Debug|Any CPU.ActiveCfg = Debug|Any CPU
		{7F80FF46-EADF-40CC-AE4A-E626549C63ED}.Debug|Any CPU.Build.0 = Debug|Any CPU
		{7F80FF46-EADF-40CC-AE4A-E626549C63ED}.Release|Any CPU.ActiveCfg = Release|Any CPU
		{7F80FF46-EADF-40CC-AE4A-E626549C63ED}.Release|Any CPU.Build.0 = Release|Any CPU
		{CB6072E0-6F74-4053-B6B2-01C1BC76042A}.Debug|Any CPU.ActiveCfg = Debug|Any CPU
		{CB6072E0-6F74-4053-B6B2-01C1BC76042A}.Debug|Any CPU.Build.0 = Debug|Any CPU
		{CB6072E0-6F74-4053-B6B2-01C1BC76042A}.Release|Any CPU.ActiveCfg = Release|Any CPU
		{CB6072E0-6F74-4053-B6B2-01C1BC76042A}.Release|Any CPU.Build.0 = Release|Any CPU
		{0C1D568F-8588-4AA5-91CE-84069851E56A}.Debug|Any CPU.ActiveCfg = Debug|Any CPU
		{0C1D568F-8588-4AA5-91CE-84069851E56A}.Debug|Any CPU.Build.0 = Debug|Any CPU
		{0C1D568F-8588-4AA5-91CE-84069851E56A}.Release|Any CPU.ActiveCfg = Release|Any CPU
		{0C1D568F-8588-4AA5-91CE-84069851E56A}.Release|Any CPU.Build.0 = Release|Any CPU
		{3477AA97-68D3-4FB4-8C02-4BC10BA56AEA}.Debug|Any CPU.ActiveCfg = Debug|Any CPU
		{3477AA97-68D3-4FB4-8C02-4BC10BA56AEA}.Debug|Any CPU.Build.0 = Debug|Any CPU
		{3477AA97-68D3-4FB4-8C02-4BC10BA56AEA}.Release|Any CPU.ActiveCfg = Release|Any CPU
		{3477AA97-68D3-4FB4-8C02-4BC10BA56AEA}.Release|Any CPU.Build.0 = Release|Any CPU
		{9D6B26CD-9209-4695-B9C8-4D0380E672E4}.Debug|Any CPU.ActiveCfg = Debug|Any CPU
		{9D6B26CD-9209-4695-B9C8-4D0380E672E4}.Debug|Any CPU.Build.0 = Debug|Any CPU
		{9D6B26CD-9209-4695-B9C8-4D0380E672E4}.Release|Any CPU.ActiveCfg = Release|Any CPU
		{9D6B26CD-9209-4695-B9C8-4D0380E672E4}.Release|Any CPU.Build.0 = Release|Any CPU
		{5AC244CF-9945-4F2E-95DD-3B0EAE5C7DD6}.Debug|Any CPU.ActiveCfg = Debug|Any CPU
		{5AC244CF-9945-4F2E-95DD-3B0EAE5C7DD6}.Debug|Any CPU.Build.0 = Debug|Any CPU
		{5AC244CF-9945-4F2E-95DD-3B0EAE5C7DD6}.Release|Any CPU.ActiveCfg = Release|Any CPU
		{5AC244CF-9945-4F2E-95DD-3B0EAE5C7DD6}.Release|Any CPU.Build.0 = Release|Any CPU
		{0C392F4F-1D65-40D3-807B-5C9298992DB7}.Debug|Any CPU.ActiveCfg = Debug|Any CPU
		{0C392F4F-1D65-40D3-807B-5C9298992DB7}.Debug|Any CPU.Build.0 = Debug|Any CPU
		{0C392F4F-1D65-40D3-807B-5C9298992DB7}.Release|Any CPU.ActiveCfg = Release|Any CPU
		{0C392F4F-1D65-40D3-807B-5C9298992DB7}.Release|Any CPU.Build.0 = Release|Any CPU
		{E77C9936-F23D-4CA7-8D1F-12B04756C8D9}.Debug|Any CPU.ActiveCfg = Debug|Any CPU
		{E77C9936-F23D-4CA7-8D1F-12B04756C8D9}.Debug|Any CPU.Build.0 = Debug|Any CPU
		{E77C9936-F23D-4CA7-8D1F-12B04756C8D9}.Release|Any CPU.ActiveCfg = Release|Any CPU
		{E77C9936-F23D-4CA7-8D1F-12B04756C8D9}.Release|Any CPU.Build.0 = Release|Any CPU
	EndGlobalSection
	GlobalSection(SolutionProperties) = preSolution
		HideSolutionNode = FALSE
	EndGlobalSection
	GlobalSection(NestedProjects) = preSolution
		{94312E00-FDD4-4283-BCCA-94FC0092294E} = {C982D03B-B4AD-4AE9-9BA6-6E6D8DE12F9C}
		{7F80FF46-EADF-40CC-AE4A-E626549C63ED} = {C982D03B-B4AD-4AE9-9BA6-6E6D8DE12F9C}
		{CB6072E0-6F74-4053-B6B2-01C1BC76042A} = {C982D03B-B4AD-4AE9-9BA6-6E6D8DE12F9C}
		{0C1D568F-8588-4AA5-91CE-84069851E56A} = {C982D03B-B4AD-4AE9-9BA6-6E6D8DE12F9C}
		{3477AA97-68D3-4FB4-8C02-4BC10BA56AEA} = {2443AE0D-1F00-42B5-A408-3741D2C23D78}
		{9D6B26CD-9209-4695-B9C8-4D0380E672E4} = {2443AE0D-1F00-42B5-A408-3741D2C23D78}
		{5AC244CF-9945-4F2E-95DD-3B0EAE5C7DD6} = {2443AE0D-1F00-42B5-A408-3741D2C23D78}
		{0C392F4F-1D65-40D3-807B-5C9298992DB7} = {2443AE0D-1F00-42B5-A408-3741D2C23D78}
		{E77C9936-F23D-4CA7-8D1F-12B04756C8D9} = {2443AE0D-1F00-42B5-A408-3741D2C23D78}
	EndGlobalSection
	GlobalSection(ExtensibilityGlobals) = postSolution
		SolutionGuid = {FE14BE66-E834-41E7-B0BF-00DC750964E9}
	EndGlobalSection
EndGlobal
